
Microsoft Visual Studio Solution File, Format Version 12.00
# Visual Studio Version 16
VisualStudioVersion = 16.0.30523.141
MinimumVisualStudioVersion = 10.0.40219.1
Project("{FAE04EC0-301F-11D3-BF4B-00C04F79EFBC}") = "zipCodeWeather", "zipCodeWeather\zipCodeWeather.csproj", "{8D09C047-29F7-46E5-9755-5039747222CB}"
EndProject
Project("{FAE04EC0-301F-11D3-BF4B-00C04F79EFBC}") = "zipCodeWeather.DLL", "zipCodeWeather.DLL\zipCodeWeather.DLL.csproj", "{1D93D9BC-049A-4A52-8042-1A82BD803C5E}"
EndProject
Global
	GlobalSection(SolutionConfigurationPlatforms) = preSolution
		Debug|Any CPU = Debug|Any CPU
		Release|Any CPU = Release|Any CPU
	EndGlobalSection
	GlobalSection(ProjectConfigurationPlatforms) = postSolution
		{8D09C047-29F7-46E5-9755-5039747222CB}.Debug|Any CPU.ActiveCfg = Debug|Any CPU
		{8D09C047-29F7-46E5-9755-5039747222CB}.Debug|Any CPU.Build.0 = Debug|Any CPU
		{8D09C047-29F7-46E5-9755-5039747222CB}.Release|Any CPU.ActiveCfg = Release|Any CPU
		{8D09C047-29F7-46E5-9755-5039747222CB}.Release|Any CPU.Build.0 = Release|Any CPU
		{1D93D9BC-049A-4A52-8042-1A82BD803C5E}.Debug|Any CPU.ActiveCfg = Debug|Any CPU
		{1D93D9BC-049A-4A52-8042-1A82BD803C5E}.Debug|Any CPU.Build.0 = Debug|Any CPU
		{1D93D9BC-049A-4A52-8042-1A82BD803C5E}.Release|Any CPU.ActiveCfg = Release|Any CPU
		{1D93D9BC-049A-4A52-8042-1A82BD803C5E}.Release|Any CPU.Build.0 = Release|Any CPU
	EndGlobalSection
	GlobalSection(SolutionProperties) = preSolution
		HideSolutionNode = FALSE
	EndGlobalSection
	GlobalSection(ExtensibilityGlobals) = postSolution
		SolutionGuid = {4A5D64D1-E93B-4EC3-B667-319A3FD4B463}
	EndGlobalSection
EndGlobal
